{
  "name": "crewai-js-demo",
  "version": "1.0.0",
  "lockfileVersion": 3,
  "requires": true,
  "packages": {
    "": {
      "name": "crewai-js-demo",
      "version": "1.0.0",
      "license": "ISC"
    },
    "../crewai-js": {
      "version": "0.0.1",
      "extraneous": true,
      "license": "MIT",
      "dependencies": {
        "dotenv": "^16.4.5",
        "openai": "^4.67.3"
      },
      "devDependencies": {
        "@types/node": "^22.7.5"
      }
    }
  }
}
